
Microsoft Visual Studio Solution File, Format Version 12.00
# Visual Studio Version 17
VisualStudioVersion = 17.13.35931.197 d17.13
MinimumVisualStudioVersion = 10.0.40219.1
Project("{FAE04EC0-301F-11D3-BF4B-00C04F79EFBC}") = "calculator", "calculator\calculator.csproj", "{9BA12034-9ED4-4F4E-A716-36CFD42F98A6}"
EndProject
Global
	GlobalSection(SolutionConfigurationPlatforms) = preSolution
		Debug|Any CPU = Debug|Any CPU
		Release|Any CPU = Release|Any CPU
	EndGlobalSection
	GlobalSection(ProjectConfigurationPlatforms) = postSolution
		{9BA12034-9ED4-4F4E-A716-36CFD42F98A6}.Debug|Any CPU.ActiveCfg = Debug|Any CPU
		{9BA12034-9ED4-4F4E-A716-36CFD42F98A6}.Debug|Any CPU.Build.0 = Debug|Any CPU
		{9BA12034-9ED4-4F4E-A716-36CFD42F98A6}.Release|Any CPU.ActiveCfg = Release|Any CPU
		{9BA12034-9ED4-4F4E-A716-36CFD42F98A6}.Release|Any CPU.Build.0 = Release|Any CPU
	EndGlobalSection
	GlobalSection(SolutionProperties) = preSolution
		HideSolutionNode = FALSE
	EndGlobalSection
	GlobalSection(ExtensibilityGlobals) = postSolution
		SolutionGuid = {3291732B-8562-4E37-BFE0-402C268A5424}
	EndGlobalSection
EndGlobal
